
Microsoft Visual Studio Solution File, Format Version 12.00
# Visual Studio Version 17
VisualStudioVersion = 17.3.32804.467
MinimumVisualStudioVersion = 10.0.40219.1
Project("{9A19103F-16F7-4668-BE54-9A1E7A4F7556}") = "ConsoleApp", "ConsoleApp\ConsoleApp.csproj", "{037922E4-0E7B-427F-ABB6-FAADB9D79725}"
EndProject
Project("{2150E333-8FDC-42A3-9474-1A3956D46DE8}") = "Solution Items", "Solution Items", "{DD3B8538-4FC2-4EF5-8B2F-310EB129775C}"
	ProjectSection(SolutionItems) = preProject
		.github\workflows\main.yml = .github\workflows\main.yml
	EndProjectSection
EndProject
Global
	GlobalSection(SolutionConfigurationPlatforms) = preSolution
		Debug|Any CPU = Debug|Any CPU
		Release|Any CPU = Release|Any CPU
	EndGlobalSection
	GlobalSection(ProjectConfigurationPlatforms) = postSolution
		{037922E4-0E7B-427F-ABB6-FAADB9D79725}.Debug|Any CPU.ActiveCfg = Debug|Any CPU
		{037922E4-0E7B-427F-ABB6-FAADB9D79725}.Debug|Any CPU.Build.0 = Debug|Any CPU
		{037922E4-0E7B-427F-ABB6-FAADB9D79725}.Release|Any CPU.ActiveCfg = Release|Any CPU
		{037922E4-0E7B-427F-ABB6-FAADB9D79725}.Release|Any CPU.Build.0 = Release|Any CPU
	EndGlobalSection
	GlobalSection(SolutionProperties) = preSolution
		HideSolutionNode = FALSE
	EndGlobalSection
	GlobalSection(ExtensibilityGlobals) = postSolution
		SolutionGuid = {E96DF28C-932E-4E4A-A925-6D728C4A7C71}
	EndGlobalSection
EndGlobal
